{
  "name": "angular-route",
  "version": "1.7.8",
  "lockfileVersion": 1,
  "requires": true,
  "dependencies": {
    "angular-router": {
      "version": "0.0.2",
      "resolved": "https://registry.npmjs.org/angular-router/-/angular-router-0.0.2.tgz",
      "integrity": "sha1-UN3ZH0Pt2ofagzWssh1DinguIvw="
    }
  }
}
